
Microsoft Visual Studio Solution File, Format Version 12.00
# Visual Studio Version 16
VisualStudioVersion = 16.0.29613.14
MinimumVisualStudioVersion = 10.0.40219.1
Project("{FAE04EC0-301F-11D3-BF4B-00C04F79EFBC}") = "COMP123-Lesson6_Part3", "COMP123-Lesson6_Part3.csproj", "{693983FD-AE6B-435C-A2DB-954B6875CBE6}"
EndProject
Global
	GlobalSection(SolutionConfigurationPlatforms) = preSolution
		Debug|Any CPU = Debug|Any CPU
		Release|Any CPU = Release|Any CPU
	EndGlobalSection
	GlobalSection(ProjectConfigurationPlatforms) = postSolution
		{693983FD-AE6B-435C-A2DB-954B6875CBE6}.Debug|Any CPU.ActiveCfg = Debug|Any CPU
		{693983FD-AE6B-435C-A2DB-954B6875CBE6}.Debug|Any CPU.Build.0 = Debug|Any CPU
		{693983FD-AE6B-435C-A2DB-954B6875CBE6}.Release|Any CPU.ActiveCfg = Release|Any CPU
		{693983FD-AE6B-435C-A2DB-954B6875CBE6}.Release|Any CPU.Build.0 = Release|Any CPU
	EndGlobalSection
	GlobalSection(SolutionProperties) = preSolution
		HideSolutionNode = FALSE
	EndGlobalSection
	GlobalSection(ExtensibilityGlobals) = postSolution
		SolutionGuid = {EFC4554E-0837-4780-B25E-A3080F929290}
	EndGlobalSection
EndGlobal
